// !$*UTF8*$!
{
	archiveVersion = 1;
	classes = {
	};
	objectVersion = 50;
	objects = {

/* Begin PBXBuildFile section */
		762C517D2611FA050083B3D4 /* ExamModel.swift in Sources */ = {isa = PBXBuildFile; fileRef = 762C517C2611FA050083B3D4 /* ExamModel.swift */; };
		762C519326120B850083B3D4 /* CellExamTest.swift in Sources */ = {isa = PBXBuildFile; fileRef = 762C519126120B850083B3D4 /* CellExamTest.swift */; };
		762C519426120B850083B3D4 /* CellExamTest.xib in Resources */ = {isa = PBXBuildFile; fileRef = 762C519226120B850083B3D4 /* CellExamTest.xib */; };
		762C519926120C9C0083B3D4 /* CellQuestion.swift in Sources */ = {isa = PBXBuildFile; fileRef = 762C519726120C9C0083B3D4 /* CellQuestion.swift */; };
		762C519A26120C9C0083B3D4 /* CellQuestion.xib in Resources */ = {isa = PBXBuildFile; fileRef = 762C519826120C9C0083B3D4 /* CellQuestion.xib */; };
		762C51A0261212660083B3D4 /* CellAnswer.swift in Sources */ = {isa = PBXBuildFile; fileRef = 762C519E261212660083B3D4 /* CellAnswer.swift */; };
		762C51A1261212660083B3D4 /* CellAnswer.xib in Resources */ = {isa = PBXBuildFile; fileRef = 762C519F261212660083B3D4 /* CellAnswer.xib */; };
		762C51A82612FACB0083B3D4 /* String+Extension.swift in Sources */ = {isa = PBXBuildFile; fileRef = 762C51A72612FACB0083B3D4 /* String+Extension.swift */; };
		762C5209261423F30083B3D4 /* UITableView+Extension.swift in Sources */ = {isa = PBXBuildFile; fileRef = 762C5208261423F30083B3D4 /* UITableView+Extension.swift */; };
		762C5223261486930083B3D4 /* ExamTestVC.xib in Resources */ = {isa = PBXBuildFile; fileRef = 762C5222261486930083B3D4 /* ExamTestVC.xib */; };
		762C52292614A3610083B3D4 /* LoginVC.swift in Sources */ = {isa = PBXBuildFile; fileRef = 762C52272614A3610083B3D4 /* LoginVC.swift */; };
		762C522A2614A3610083B3D4 /* LoginVC.xib in Resources */ = {isa = PBXBuildFile; fileRef = 762C52282614A3610083B3D4 /* LoginVC.xib */; };
		762C522D2614AD260083B3D4 /* AppRoute.swift in Sources */ = {isa = PBXBuildFile; fileRef = 762C522C2614AD260083B3D4 /* AppRoute.swift */; };
		763B6C7B2611B2A000FD9415 /* AppDelegate.swift in Sources */ = {isa = PBXBuildFile; fileRef = 763B6C7A2611B2A000FD9415 /* AppDelegate.swift */; };
		763B6C7F2611B2A000FD9415 /* ViewController.swift in Sources */ = {isa = PBXBuildFile; fileRef = 763B6C7E2611B2A000FD9415 /* ViewController.swift */; };
		763B6C822611B2A000FD9415 /* Main.storyboard in Resources */ = {isa = PBXBuildFile; fileRef = 763B6C802611B2A000FD9415 /* Main.storyboard */; };
		763B6C842611B2A300FD9415 /* Assets.xcassets in Resources */ = {isa = PBXBuildFile; fileRef = 763B6C832611B2A300FD9415 /* Assets.xcassets */; };
		763B6C872611B2A300FD9415 /* LaunchScreen.storyboard in Resources */ = {isa = PBXBuildFile; fileRef = 763B6C852611B2A300FD9415 /* LaunchScreen.storyboard */; };
		763B6C962611B32200FD9415 /* HomeVC.swift in Sources */ = {isa = PBXBuildFile; fileRef = 763B6C942611B32200FD9415 /* HomeVC.swift */; };
		763B6C972611B32200FD9415 /* HomeVC.xib in Resources */ = {isa = PBXBuildFile; fileRef = 763B6C952611B32200FD9415 /* HomeVC.xib */; };
		763B6C9B2611B58B00FD9415 /* BaseViewControllers.swift in Sources */ = {isa = PBXBuildFile; fileRef = 763B6C9A2611B58B00FD9415 /* BaseViewControllers.swift */; };
		763B6CA12611BD2300FD9415 /* CellHome.swift in Sources */ = {isa = PBXBuildFile; fileRef = 763B6C9F2611BD2300FD9415 /* CellHome.swift */; };
		763B6CA22611BD2300FD9415 /* CellHome.xib in Resources */ = {isa = PBXBuildFile; fileRef = 763B6CA02611BD2300FD9415 /* CellHome.xib */; };
		763B6CA92611C23800FD9415 /* HeaderView.swift in Sources */ = {isa = PBXBuildFile; fileRef = 763B6CA72611C23800FD9415 /* HeaderView.swift */; };
		763B6CAA2611C23800FD9415 /* HeaderView.xib in Resources */ = {isa = PBXBuildFile; fileRef = 763B6CA82611C23800FD9415 /* HeaderView.xib */; };
		763B6CAF2611C2D400FD9415 /* BaseViewXib.swift in Sources */ = {isa = PBXBuildFile; fileRef = 763B6CAE2611C2D400FD9415 /* BaseViewXib.swift */; };
		763B6CB32611C30900FD9415 /* UIView+Extension.swift in Sources */ = {isa = PBXBuildFile; fileRef = 763B6CB22611C30900FD9415 /* UIView+Extension.swift */; };
		763B6CB72611C9BF00FD9415 /* Subject.swift in Sources */ = {isa = PBXBuildFile; fileRef = 763B6CB62611C9BF00FD9415 /* Subject.swift */; };
		763B6CBC2611CD3600FD9415 /* DetailsVC.swift in Sources */ = {isa = PBXBuildFile; fileRef = 763B6CBA2611CD3600FD9415 /* DetailsVC.swift */; };
		763B6CBD2611CD3600FD9415 /* DetailsVC.xib in Resources */ = {isa = PBXBuildFile; fileRef = 763B6CBB2611CD3600FD9415 /* DetailsVC.xib */; };
		763B6CC52611D47300FD9415 /* CellExam.swift in Sources */ = {isa = PBXBuildFile; fileRef = 763B6CC32611D47300FD9415 /* CellExam.swift */; };
		763B6CC62611D47300FD9415 /* CellExam.xib in Resources */ = {isa = PBXBuildFile; fileRef = 763B6CC42611D47300FD9415 /* CellExam.xib */; };
		763B6CCB2611DD3F00FD9415 /* BeforeTestVC.swift in Sources */ = {isa = PBXBuildFile; fileRef = 763B6CC92611DD3F00FD9415 /* BeforeTestVC.swift */; };
		763B6CCC2611DD3F00FD9415 /* BeforeTestVC.xib in Resources */ = {isa = PBXBuildFile; fileRef = 763B6CCA2611DD3F00FD9415 /* BeforeTestVC.xib */; };
		763B6CD02611DF7500FD9415 /* ExamTestVC.swift in Sources */ = {isa = PBXBuildFile; fileRef = 763B6CCE2611DF7500FD9415 /* ExamTestVC.swift */; };
		763B6CDF2611E33D00FD9415 /* PopupVC.swift in Sources */ = {isa = PBXBuildFile; fileRef = 763B6CDD2611E33D00FD9415 /* PopupVC.swift */; };
		763B6CE02611E33D00FD9415 /* PopupVC.xib in Resources */ = {isa = PBXBuildFile; fileRef = 763B6CDE2611E33D00FD9415 /* PopupVC.xib */; };
/* End PBXBuildFile section */

/* Begin PBXFileReference section */
		762C517C2611FA050083B3D4 /* ExamModel.swift */ = {isa = PBXFileReference; lastKnownFileType = sourcecode.swift; path = ExamModel.swift; sourceTree = "<group>"; };
		762C519126120B850083B3D4 /* CellExamTest.swift */ = {isa = PBXFileReference; lastKnownFileType = sourcecode.swift; path = CellExamTest.swift; sourceTree = "<group>"; };
		762C519226120B850083B3D4 /* CellExamTest.xib */ = {isa = PBXFileReference; lastKnownFileType = file.xib; path = CellExamTest.xib; sourceTree = "<group>"; };
		762C519726120C9C0083B3D4 /* CellQuestion.swift */ = {isa = PBXFileReference; lastKnownFileType = sourcecode.swift; path = CellQuestion.swift; sourceTree = "<group>"; };
		762C519826120C9C0083B3D4 /* CellQuestion.xib */ = {isa = PBXFileReference; lastKnownFileType = file.xib; path = CellQuestion.xib; sourceTree = "<group>"; };
		762C519E261212660083B3D4 /* CellAnswer.swift */ = {isa = PBXFileReference; lastKnownFileType = sourcecode.swift; path = CellAnswer.swift; sourceTree = "<group>"; };
		762C519F261212660083B3D4 /* CellAnswer.xib */ = {isa = PBXFileReference; lastKnownFileType = file.xib; path = CellAnswer.xib; sourceTree = "<group>"; };
		762C51A72612FACB0083B3D4 /* String+Extension.swift */ = {isa = PBXFileReference; lastKnownFileType = sourcecode.swift; path = "String+Extension.swift"; sourceTree = "<group>"; };
		762C5208261423F30083B3D4 /* UITableView+Extension.swift */ = {isa = PBXFileReference; lastKnownFileType = sourcecode.swift; path = "UITableView+Extension.swift"; sourceTree = "<group>"; };
		762C5222261486930083B3D4 /* ExamTestVC.xib */ = {isa = PBXFileReference; fileEncoding = 4; lastKnownFileType = file.xib; path = ExamTestVC.xib; sourceTree = "<group>"; };
		762C52272614A3610083B3D4 /* LoginVC.swift */ = {isa = PBXFileReference; lastKnownFileType = sourcecode.swift; path = LoginVC.swift; sourceTree = "<group>"; };
		762C52282614A3610083B3D4 /* LoginVC.xib */ = {isa = PBXFileReference; lastKnownFileType = file.xib; path = LoginVC.xib; sourceTree = "<group>"; };
		762C522C2614AD260083B3D4 /* AppRoute.swift */ = {isa = PBXFileReference; lastKnownFileType = sourcecode.swift; path = AppRoute.swift; sourceTree = "<group>"; };
		763B6C772611B2A000FD9415 /* Online Test.app */ = {isa = PBXFileReference; explicitFileType = wrapper.application; includeInIndex = 0; path = "Online Test.app"; sourceTree = BUILT_PRODUCTS_DIR; };
		763B6C7A2611B2A000FD9415 /* AppDelegate.swift */ = {isa = PBXFileReference; lastKnownFileType = sourcecode.swift; path = AppDelegate.swift; sourceTree = "<group>"; };
		763B6C7E2611B2A000FD9415 /* ViewController.swift */ = {isa = PBXFileReference; lastKnownFileType = sourcecode.swift; path = ViewController.swift; sourceTree = "<group>"; };
		763B6C812611B2A000FD9415 /* Base */ = {isa = PBXFileReference; lastKnownFileType = file.storyboard; name = Base; path = Base.lproj/Main.storyboard; sourceTree = "<group>"; };
		763B6C832611B2A300FD9415 /* Assets.xcassets */ = {isa = PBXFileReference; lastKnownFileType = folder.assetcatalog; path = Assets.xcassets; sourceTree = "<group>"; };
		763B6C862611B2A300FD9415 /* Base */ = {isa = PBXFileReference; lastKnownFileType = file.storyboard; name = Base; path = Base.lproj/LaunchScreen.storyboard; sourceTree = "<group>"; };
		763B6C882611B2A300FD9415 /* Info.plist */ = {isa = PBXFileReference; lastKnownFileType = text.plist.xml; path = Info.plist; sourceTree = "<group>"; };
		763B6C942611B32200FD9415 /* HomeVC.swift */ = {isa = PBXFileReference; lastKnownFileType = sourcecode.swift; path = HomeVC.swift; sourceTree = "<group>"; };
		763B6C952611B32200FD9415 /* HomeVC.xib */ = {isa = PBXFileReference; lastKnownFileType = file.xib; path = HomeVC.xib; sourceTree = "<group>"; };
		763B6C9A2611B58B00FD9415 /* BaseViewControllers.swift */ = {isa = PBXFileReference; lastKnownFileType = sourcecode.swift; path = BaseViewControllers.swift; sourceTree = "<group>"; };
		763B6C9F2611BD2300FD9415 /* CellHome.swift */ = {isa = PBXFileReference; lastKnownFileType = sourcecode.swift; path = CellHome.swift; sourceTree = "<group>"; };
		763B6CA02611BD2300FD9415 /* CellHome.xib */ = {isa = PBXFileReference; lastKnownFileType = file.xib; path = CellHome.xib; sourceTree = "<group>"; };
		763B6CA72611C23800FD9415 /* HeaderView.swift */ = {isa = PBXFileReference; lastKnownFileType = sourcecode.swift; path = HeaderView.swift; sourceTree = "<group>"; };
		763B6CA82611C23800FD9415 /* HeaderView.xib */ = {isa = PBXFileReference; lastKnownFileType = file.xib; path = HeaderView.xib; sourceTree = "<group>"; };
		763B6CAE2611C2D400FD9415 /* BaseViewXib.swift */ = {isa = PBXFileReference; fileEncoding = 4; lastKnownFileType = sourcecode.swift; path = BaseViewXib.swift; sourceTree = "<group>"; };
		763B6CB22611C30900FD9415 /* UIView+Extension.swift */ = {isa = PBXFileReference; fileEncoding = 4; lastKnownFileType = sourcecode.swift; path = "UIView+Extension.swift"; sourceTree = "<group>"; };
		763B6CB62611C9BF00FD9415 /* Subject.swift */ = {isa = PBXFileReference; lastKnownFileType = sourcecode.swift; path = Subject.swift; sourceTree = "<group>"; };
		763B6CBA2611CD3600FD9415 /* DetailsVC.swift */ = {isa = PBXFileReference; lastKnownFileType = sourcecode.swift; path = DetailsVC.swift; sourceTree = "<group>"; };
		763B6CBB2611CD3600FD9415 /* DetailsVC.xib */ = {isa = PBXFileReference; lastKnownFileType = file.xib; path = DetailsVC.xib; sourceTree = "<group>"; };
		763B6CC32611D47300FD9415 /* CellExam.swift */ = {isa = PBXFileReference; lastKnownFileType = sourcecode.swift; path = CellExam.swift; sourceTree = "<group>"; };
		763B6CC42611D47300FD9415 /* CellExam.xib */ = {isa = PBXFileReference; lastKnownFileType = file.xib; path = CellExam.xib; sourceTree = "<group>"; };
		763B6CC92611DD3F00FD9415 /* BeforeTestVC.swift */ = {isa = PBXFileReference; lastKnownFileType = sourcecode.swift; path = BeforeTestVC.swift; sourceTree = "<group>"; };
		763B6CCA2611DD3F00FD9415 /* BeforeTestVC.xib */ = {isa = PBXFileReference; lastKnownFileType = file.xib; path = BeforeTestVC.xib; sourceTree = "<group>"; };
		763B6CCE2611DF7500FD9415 /* ExamTestVC.swift */ = {isa = PBXFileReference; lastKnownFileType = sourcecode.swift; path = ExamTestVC.swift; sourceTree = "<group>"; };
		763B6CDD2611E33D00FD9415 /* PopupVC.swift */ = {isa = PBXFileReference; lastKnownFileType = sourcecode.swift; path = PopupVC.swift; sourceTree = "<group>"; };
		763B6CDE2611E33D00FD9415 /* PopupVC.xib */ = {isa = PBXFileReference; lastKnownFileType = file.xib; path = PopupVC.xib; sourceTree = "<group>"; };
/* End PBXFileReference section */

/* Begin PBXFrameworksBuildPhase section */
		763B6C742611B2A000FD9415 /* Frameworks */ = {
			isa = PBXFrameworksBuildPhase;
			buildActionMask = 2147483647;
			files = (
			);
			runOnlyForDeploymentPostprocessing = 0;
		};
/* End PBXFrameworksBuildPhase section */

/* Begin PBXGroup section */
		762C519626120C640083B3D4 /* CellTableExamTest */ = {
			isa = PBXGroup;
			children = (
				762C51A52612D28A0083B3D4 /* CellQuestion */,
				762C519D261212520083B3D4 /* CellAnswer */,
			);
			path = CellTableExamTest;
			sourceTree = "<group>";
		};
		762C519D261212520083B3D4 /* CellAnswer */ = {
			isa = PBXGroup;
			children = (
				762C519E261212660083B3D4 /* CellAnswer.swift */,
				762C519F261212660083B3D4 /* CellAnswer.xib */,
			);
			path = CellAnswer;
			sourceTree = "<group>";
		};
		762C51A52612D28A0083B3D4 /* CellQuestion */ = {
			isa = PBXGroup;
			children = (
				762C519726120C9C0083B3D4 /* CellQuestion.swift */,
				762C519826120C9C0083B3D4 /* CellQuestion.xib */,
			);
			path = CellQuestion;
			sourceTree = "<group>";
		};
		762C52262614A3330083B3D4 /* LoginVC */ = {
			isa = PBXGroup;
			children = (
				762C52272614A3610083B3D4 /* LoginVC.swift */,
				762C52282614A3610083B3D4 /* LoginVC.xib */,
			);
			path = LoginVC;
			sourceTree = "<group>";
		};
		763B6C6E2611B2A000FD9415 = {
			isa = PBXGroup;
			children = (
				763B6C792611B2A000FD9415 /* Online Test */,
				763B6C782611B2A000FD9415 /* Products */,
			);
			sourceTree = "<group>";
		};
		763B6C782611B2A000FD9415 /* Products */ = {
			isa = PBXGroup;
			children = (
				763B6C772611B2A000FD9415 /* Online Test.app */,
			);
			name = Products;
			sourceTree = "<group>";
		};
		763B6C792611B2A000FD9415 /* Online Test */ = {
			isa = PBXGroup;
			children = (
				763B6CB52611C9AD00FD9415 /* Model */,
				763B6CAC2611C2A700FD9415 /* Helper */,
				763B6C902611B2DB00FD9415 /* App */,
				763B6C7A2611B2A000FD9415 /* AppDelegate.swift */,
				763B6C7E2611B2A000FD9415 /* ViewController.swift */,
				763B6C802611B2A000FD9415 /* Main.storyboard */,
				763B6C832611B2A300FD9415 /* Assets.xcassets */,
				763B6C852611B2A300FD9415 /* LaunchScreen.storyboard */,
				763B6C882611B2A300FD9415 /* Info.plist */,
				762C522C2614AD260083B3D4 /* AppRoute.swift */,
			);
			path = "Online Test";
			sourceTree = "<group>";
		};
		763B6C902611B2DB00FD9415 /* App */ = {
			isa = PBXGroup;
			children = (
				763B6C992611B56700FD9415 /* Base */,
				763B6C912611B2E200FD9415 /* Screen */,
			);
			path = App;
			sourceTree = "<group>";
		};
		763B6C912611B2E200FD9415 /* Screen */ = {
			isa = PBXGroup;
			children = (
				762C52262614A3330083B3D4 /* LoginVC */,
				763B6CD32611DF7B00FD9415 /* ExamTestVC */,
				763B6CC82611DB9500FD9415 /* BeforeTestVC */,
				763B6CB92611CD1100FD9415 /* DetailsSubjectVC */,
				763B6C922611B2EE00FD9415 /* Home */,
			);
			path = Screen;
			sourceTree = "<group>";
		};
		763B6C922611B2EE00FD9415 /* Home */ = {
			isa = PBXGroup;
			children = (
				763B6CA52611C21600FD9415 /* Views */,
				763B6C942611B32200FD9415 /* HomeVC.swift */,
				763B6C952611B32200FD9415 /* HomeVC.xib */,
			);
			path = Home;
			sourceTree = "<group>";
		};
		763B6C992611B56700FD9415 /* Base */ = {
			isa = PBXGroup;
			children = (
				763B6C9A2611B58B00FD9415 /* BaseViewControllers.swift */,
			);
			path = Base;
			sourceTree = "<group>";
		};
		763B6C9E2611BD0200FD9415 /* Cell */ = {
			isa = PBXGroup;
			children = (
				763B6C9F2611BD2300FD9415 /* CellHome.swift */,
				763B6CA02611BD2300FD9415 /* CellHome.xib */,
			);
			path = Cell;
			sourceTree = "<group>";
		};
		763B6CA52611C21600FD9415 /* Views */ = {
			isa = PBXGroup;
			children = (
				763B6CA62611C21E00FD9415 /* HeaderView */,
				763B6C9E2611BD0200FD9415 /* Cell */,
			);
			path = Views;
			sourceTree = "<group>";
		};
		763B6CA62611C21E00FD9415 /* HeaderView */ = {
			isa = PBXGroup;
			children = (
				763B6CA72611C23800FD9415 /* HeaderView.swift */,
				763B6CA82611C23800FD9415 /* HeaderView.xib */,
			);
			path = HeaderView;
			sourceTree = "<group>";
		};
		763B6CAC2611C2A700FD9415 /* Helper */ = {
			isa = PBXGroup;
			children = (
				763B6CB12611C2EA00FD9415 /* Extension */,
				763B6CAD2611C2AF00FD9415 /* BaseXibView */,
			);
			path = Helper;
			sourceTree = "<group>";
		};
		763B6CAD2611C2AF00FD9415 /* BaseXibView */ = {
			isa = PBXGroup;
			children = (
				763B6CAE2611C2D400FD9415 /* BaseViewXib.swift */,
			);
			path = BaseXibView;
			sourceTree = "<group>";
		};
		763B6CB12611C2EA00FD9415 /* Extension */ = {
			isa = PBXGroup;
			children = (
				763B6CB22611C30900FD9415 /* UIView+Extension.swift */,
				762C51A72612FACB0083B3D4 /* String+Extension.swift */,
				762C5208261423F30083B3D4 /* UITableView+Extension.swift */,
			);
			path = Extension;
			sourceTree = "<group>";
		};
		763B6CB52611C9AD00FD9415 /* Model */ = {
			isa = PBXGroup;
			children = (
				763B6CB62611C9BF00FD9415 /* Subject.swift */,
				762C517C2611FA050083B3D4 /* ExamModel.swift */,
			);
			path = Model;
			sourceTree = "<group>";
		};
		763B6CB92611CD1100FD9415 /* DetailsSubjectVC */ = {
			isa = PBXGroup;
			children = (
				763B6CC22611D44700FD9415 /* Cell */,
				763B6CBA2611CD3600FD9415 /* DetailsVC.swift */,
				763B6CBB2611CD3600FD9415 /* DetailsVC.xib */,
			);
			path = DetailsSubjectVC;
			sourceTree = "<group>";
		};
		763B6CC22611D44700FD9415 /* Cell */ = {
			isa = PBXGroup;
			children = (
				763B6CC32611D47300FD9415 /* CellExam.swift */,
				763B6CC42611D47300FD9415 /* CellExam.xib */,
			);
			path = Cell;
			sourceTree = "<group>";
		};
		763B6CC82611DB9500FD9415 /* BeforeTestVC */ = {
			isa = PBXGroup;
			children = (
				763B6CD52611E19400FD9415 /* Views */,
				763B6CC92611DD3F00FD9415 /* BeforeTestVC.swift */,
				763B6CCA2611DD3F00FD9415 /* BeforeTestVC.xib */,
			);
			path = BeforeTestVC;
			sourceTree = "<group>";
		};
		763B6CD32611DF7B00FD9415 /* ExamTestVC */ = {
			isa = PBXGroup;
			children = (
				763B6CE32611F69100FD9415 /* CellExamTest */,
				762C5222261486930083B3D4 /* ExamTestVC.xib */,
				763B6CCE2611DF7500FD9415 /* ExamTestVC.swift */,
			);
			path = ExamTestVC;
			sourceTree = "<group>";
		};
		763B6CD52611E19400FD9415 /* Views */ = {
			isa = PBXGroup;
			children = (
				763B6CDC2611E31C00FD9415 /* Popup */,
			);
			path = Views;
			sourceTree = "<group>";
		};
		763B6CDC2611E31C00FD9415 /* Popup */ = {
			isa = PBXGroup;
			children = (
				763B6CDD2611E33D00FD9415 /* PopupVC.swift */,
				763B6CDE2611E33D00FD9415 /* PopupVC.xib */,
			);
			path = Popup;
			sourceTree = "<group>";
		};
		763B6CE32611F69100FD9415 /* CellExamTest */ = {
			isa = PBXGroup;
			children = (
				762C519626120C640083B3D4 /* CellTableExamTest */,
				762C519126120B850083B3D4 /* CellExamTest.swift */,
				762C519226120B850083B3D4 /* CellExamTest.xib */,
			);
			path = CellExamTest;
			sourceTree = "<group>";
		};
/* End PBXGroup section */

/* Begin PBXNativeTarget section */
		763B6C762611B2A000FD9415 /* Online Test */ = {
			isa = PBXNativeTarget;
			buildConfigurationList = 763B6C8B2611B2A300FD9415 /* Build configuration list for PBXNativeTarget "Online Test" */;
			buildPhases = (
				763B6C732611B2A000FD9415 /* Sources */,
				763B6C742611B2A000FD9415 /* Frameworks */,
				763B6C752611B2A000FD9415 /* Resources */,
			);
			buildRules = (
			);
			dependencies = (
			);
			name = "Online Test";
			productName = "Online Test";
			productReference = 763B6C772611B2A000FD9415 /* Online Test.app */;
			productType = "com.apple.product-type.application";
		};
/* End PBXNativeTarget section */

/* Begin PBXProject section */
		763B6C6F2611B2A000FD9415 /* Project object */ = {
			isa = PBXProject;
			attributes = {
				LastSwiftUpdateCheck = 1200;
				LastUpgradeCheck = 1200;
				TargetAttributes = {
					763B6C762611B2A000FD9415 = {
						CreatedOnToolsVersion = 12.0;
					};
				};
			};
			buildConfigurationList = 763B6C722611B2A000FD9415 /* Build configuration list for PBXProject "Online Test" */;
			compatibilityVersion = "Xcode 9.3";
			developmentRegion = en;
			hasScannedForEncodings = 0;
			knownRegions = (
				en,
				Base,
			);
			mainGroup = 763B6C6E2611B2A000FD9415;
			productRefGroup = 763B6C782611B2A000FD9415 /* Products */;
			projectDirPath = "";
			projectRoot = "";
			targets = (
				763B6C762611B2A000FD9415 /* Online Test */,
			);
		};
/* End PBXProject section */

/* Begin PBXResourcesBuildPhase section */
		763B6C752611B2A000FD9415 /* Resources */ = {
			isa = PBXResourcesBuildPhase;
			buildActionMask = 2147483647;
			files = (
				762C522A2614A3610083B3D4 /* LoginVC.xib in Resources */,
				762C519426120B850083B3D4 /* CellExamTest.xib in Resources */,
				762C5223261486930083B3D4 /* ExamTestVC.xib in Resources */,
				763B6CC62611D47300FD9415 /* CellExam.xib in Resources */,
				763B6CE02611E33D00FD9415 /* PopupVC.xib in Resources */,
				762C51A1261212660083B3D4 /* CellAnswer.xib in Resources */,
				763B6C872611B2A300FD9415 /* LaunchScreen.storyboard in Resources */,
				763B6CCC2611DD3F00FD9415 /* BeforeTestVC.xib in Resources */,
				763B6C972611B32200FD9415 /* HomeVC.xib in Resources */,
				763B6C842611B2A300FD9415 /* Assets.xcassets in Resources */,
				763B6CAA2611C23800FD9415 /* HeaderView.xib in Resources */,
				763B6CBD2611CD3600FD9415 /* DetailsVC.xib in Resources */,
				763B6C822611B2A000FD9415 /* Main.storyboard in Resources */,
				763B6CA22611BD2300FD9415 /* CellHome.xib in Resources */,
				762C519A26120C9C0083B3D4 /* CellQuestion.xib in Resources */,
			);
			runOnlyForDeploymentPostprocessing = 0;
		};
/* End PBXResourcesBuildPhase section */

/* Begin PBXSourcesBuildPhase section */
		763B6C732611B2A000FD9415 /* Sources */ = {
			isa = PBXSourcesBuildPhase;
			buildActionMask = 2147483647;
			files = (
				763B6CBC2611CD3600FD9415 /* DetailsVC.swift in Sources */,
				763B6CAF2611C2D400FD9415 /* BaseViewXib.swift in Sources */,
				762C52292614A3610083B3D4 /* LoginVC.swift in Sources */,
				762C5209261423F30083B3D4 /* UITableView+Extension.swift in Sources */,
				763B6C962611B32200FD9415 /* HomeVC.swift in Sources */,
				762C51A82612FACB0083B3D4 /* String+Extension.swift in Sources */,
				763B6CDF2611E33D00FD9415 /* PopupVC.swift in Sources */,
				763B6CB32611C30900FD9415 /* UIView+Extension.swift in Sources */,
				762C51A0261212660083B3D4 /* CellAnswer.swift in Sources */,
				762C519926120C9C0083B3D4 /* CellQuestion.swift in Sources */,
				762C517D2611FA050083B3D4 /* ExamModel.swift in Sources */,
				763B6CD02611DF7500FD9415 /* ExamTestVC.swift in Sources */,
				763B6CA92611C23800FD9415 /* HeaderView.swift in Sources */,
				762C519326120B850083B3D4 /* CellExamTest.swift in Sources */,
				763B6CC52611D47300FD9415 /* CellExam.swift in Sources */,
				763B6C9B2611B58B00FD9415 /* BaseViewControllers.swift in Sources */,
				763B6CA12611BD2300FD9415 /* CellHome.swift in Sources */,
				762C522D2614AD260083B3D4 /* AppRoute.swift in Sources */,
				763B6C7F2611B2A000FD9415 /* ViewController.swift in Sources */,
				763B6CCB2611DD3F00FD9415 /* BeforeTestVC.swift in Sources */,
				763B6CB72611C9BF00FD9415 /* Subject.swift in Sources */,
				763B6C7B2611B2A000FD9415 /* AppDelegate.swift in Sources */,
			);
			runOnlyForDeploymentPostprocessing = 0;
		};
/* End PBXSourcesBuildPhase section */

/* Begin PBXVariantGroup section */
		763B6C802611B2A000FD9415 /* Main.storyboard */ = {
			isa = PBXVariantGroup;
			children = (
				763B6C812611B2A000FD9415 /* Base */,
			);
			name = Main.storyboard;
			sourceTree = "<group>";
		};
		763B6C852611B2A300FD9415 /* LaunchScreen.storyboard */ = {
			isa = PBXVariantGroup;
			children = (
				763B6C862611B2A300FD9415 /* Base */,
			);
			name = LaunchScreen.storyboard;
			sourceTree = "<group>";
		};
/* End PBXVariantGroup section */

/* Begin XCBuildConfiguration section */
		763B6C892611B2A300FD9415 /* Debug */ = {
			isa = XCBuildConfiguration;
			buildSettings = {
				ALWAYS_SEARCH_USER_PATHS = NO;
				CLANG_ANALYZER_NONNULL = YES;
				CLANG_ANALYZER_NUMBER_OBJECT_CONVERSION = YES_AGGRESSIVE;
				CLANG_CXX_LANGUAGE_STANDARD = "gnu++14";
				CLANG_CXX_LIBRARY = "libc++";
				CLANG_ENABLE_MODULES = YES;
				CLANG_ENABLE_OBJC_ARC = YES;
				CLANG_ENABLE_OBJC_WEAK = YES;
				CLANG_WARN_BLOCK_CAPTURE_AUTORELEASING = YES;
				CLANG_WARN_BOOL_CONVERSION = YES;
				CLANG_WARN_COMMA = YES;
				CLANG_WARN_CONSTANT_CONVERSION = YES;
				CLANG_WARN_DEPRECATED_OBJC_IMPLEMENTATIONS = YES;
				CLANG_WARN_DIRECT_OBJC_ISA_USAGE = YES_ERROR;
				CLANG_WARN_DOCUMENTATION_COMMENTS = YES;
				CLANG_WARN_EMPTY_BODY = YES;
				CLANG_WARN_ENUM_CONVERSION = YES;
				CLANG_WARN_INFINITE_RECURSION = YES;
				CLANG_WARN_INT_CONVERSION = YES;
				CLANG_WARN_NON_LITERAL_NULL_CONVERSION = YES;
				CLANG_WARN_OBJC_IMPLICIT_RETAIN_SELF = YES;
				CLANG_WARN_OBJC_LITERAL_CONVERSION = YES;
				CLANG_WARN_OBJC_ROOT_CLASS = YES_ERROR;
				CLANG_WARN_QUOTED_INCLUDE_IN_FRAMEWORK_HEADER = YES;
				CLANG_WARN_RANGE_LOOP_ANALYSIS = YES;
				CLANG_WARN_STRICT_PROTOTYPES = YES;
				CLANG_WARN_SUSPICIOUS_MOVE = YES;
				CLANG_WARN_UNGUARDED_AVAILABILITY = YES_AGGRESSIVE;
				CLANG_WARN_UNREACHABLE_CODE = YES;
				CLANG_WARN__DUPLICATE_METHOD_MATCH = YES;
				COPY_PHASE_STRIP = NO;
				DEBUG_INFORMATION_FORMAT = dwarf;
				ENABLE_STRICT_OBJC_MSGSEND = YES;
				ENABLE_TESTABILITY = YES;
				GCC_C_LANGUAGE_STANDARD = gnu11;
				GCC_DYNAMIC_NO_PIC = NO;
				GCC_NO_COMMON_BLOCKS = YES;
				GCC_OPTIMIZATION_LEVEL = 0;
				GCC_PREPROCESSOR_DEFINITIONS = (
					"DEBUG=1",
					"$(inherited)",
				);
				GCC_WARN_64_TO_32_BIT_CONVERSION = YES;
				GCC_WARN_ABOUT_RETURN_TYPE = YES_ERROR;
				GCC_WARN_UNDECLARED_SELECTOR = YES;
				GCC_WARN_UNINITIALIZED_AUTOS = YES_AGGRESSIVE;
				GCC_WARN_UNUSED_FUNCTION = YES;
				GCC_WARN_UNUSED_VARIABLE = YES;
				IPHONEOS_DEPLOYMENT_TARGET = 14.0;
				MTL_ENABLE_DEBUG_INFO = INCLUDE_SOURCE;
				MTL_FAST_MATH = YES;
				ONLY_ACTIVE_ARCH = YES;
				SDKROOT = iphoneos;
				SWIFT_ACTIVE_COMPILATION_CONDITIONS = DEBUG;
				SWIFT_OPTIMIZATION_LEVEL = "-Onone";
			};
			name = Debug;
		};
		763B6C8A2611B2A300FD9415 /* Release */ = {
			isa = XCBuildConfiguration;
			buildSettings = {
				ALWAYS_SEARCH_USER_PATHS = NO;
				CLANG_ANALYZER_NONNULL = YES;
				CLANG_ANALYZER_NUMBER_OBJECT_CONVERSION = YES_AGGRESSIVE;
				CLANG_CXX_LANGUAGE_STANDARD = "gnu++14";
				CLANG_CXX_LIBRARY = "libc++";
				CLANG_ENABLE_MODULES = YES;
				CLANG_ENABLE_OBJC_ARC = YES;
				CLANG_ENABLE_OBJC_WEAK = YES;
				CLANG_WARN_BLOCK_CAPTURE_AUTORELEASING = YES;
				CLANG_WARN_BOOL_CONVERSION = YES;
				CLANG_WARN_COMMA = YES;
				CLANG_WARN_CONSTANT_CONVERSION = YES;
				CLANG_WARN_DEPRECATED_OBJC_IMPLEMENTATIONS = YES;
				CLANG_WARN_DIRECT_OBJC_ISA_USAGE = YES_ERROR;
				CLANG_WARN_DOCUMENTATION_COMMENTS = YES;
				CLANG_WARN_EMPTY_BODY = YES;
				CLANG_WARN_ENUM_CONVERSION = YES;
				CLANG_WARN_INFINITE_RECURSION = YES;
				CLANG_WARN_INT_CONVERSION = YES;
				CLANG_WARN_NON_LITERAL_NULL_CONVERSION = YES;
				CLANG_WARN_OBJC_IMPLICIT_RETAIN_SELF = YES;
				CLANG_WARN_OBJC_LITERAL_CONVERSION = YES;
				CLANG_WARN_OBJC_ROOT_CLASS = YES_ERROR;
				CLANG_WARN_QUOTED_INCLUDE_IN_FRAMEWORK_HEADER = YES;
				CLANG_WARN_RANGE_LOOP_ANALYSIS = YES;
				CLANG_WARN_STRICT_PROTOTYPES = YES;
				CLANG_WARN_SUSPICIOUS_MOVE = YES;
				CLANG_WARN_UNGUARDED_AVAILABILITY = YES_AGGRESSIVE;
				CLANG_WARN_UNREACHABLE_CODE = YES;
				CLANG_WARN__DUPLICATE_METHOD_MATCH = YES;
				COPY_PHASE_STRIP = NO;
				DEBUG_INFORMATION_FORMAT = "dwarf-with-dsym";
				ENABLE_NS_ASSERTIONS = NO;
				ENABLE_STRICT_OBJC_MSGSEND = YES;
				GCC_C_LANGUAGE_STANDARD = gnu11;
				GCC_NO_COMMON_BLOCKS = YES;
				GCC_WARN_64_TO_32_BIT_CONVERSION = YES;
				GCC_WARN_ABOUT_RETURN_TYPE = YES_ERROR;
				GCC_WARN_UNDECLARED_SELECTOR = YES;
				GCC_WARN_UNINITIALIZED_AUTOS = YES_AGGRESSIVE;
				GCC_WARN_UNUSED_FUNCTION = YES;
				GCC_WARN_UNUSED_VARIABLE = YES;
				IPHONEOS_DEPLOYMENT_TARGET = 14.0;
				MTL_ENABLE_DEBUG_INFO = NO;
				MTL_FAST_MATH = YES;
				SDKROOT = iphoneos;
				SWIFT_COMPILATION_MODE = wholemodule;
				SWIFT_OPTIMIZATION_LEVEL = "-O";
				VALIDATE_PRODUCT = YES;
			};
			name = Release;
		};
		763B6C8C2611B2A300FD9415 /* Debug */ = {
			isa = XCBuildConfiguration;
			buildSettings = {
				ASSETCATALOG_COMPILER_APPICON_NAME = AppIcon;
				ASSETCATALOG_COMPILER_GLOBAL_ACCENT_COLOR_NAME = AccentColor;
				CODE_SIGN_STYLE = Automatic;
				DEVELOPMENT_TEAM = 57ACH3ESNQ;
				INFOPLIST_FILE = "Online Test/Info.plist";
				IPHONEOS_DEPLOYMENT_TARGET = 12.0;
				LD_RUNPATH_SEARCH_PATHS = (
					"$(inherited)",
					"@executable_path/Frameworks",
				);
				PRODUCT_BUNDLE_IDENTIFIER = "com.thiet.Online-Test";
				PRODUCT_NAME = "$(TARGET_NAME)";
				SWIFT_VERSION = 5.0;
				TARGETED_DEVICE_FAMILY = 1;
			};
			name = Debug;
		};
		763B6C8D2611B2A300FD9415 /* Release */ = {
			isa = XCBuildConfiguration;
			buildSettings = {
				ASSETCATALOG_COMPILER_APPICON_NAME = AppIcon;
				ASSETCATALOG_COMPILER_GLOBAL_ACCENT_COLOR_NAME = AccentColor;
				CODE_SIGN_STYLE = Automatic;
				DEVELOPMENT_TEAM = 57ACH3ESNQ;
				INFOPLIST_FILE = "Online Test/Info.plist";
				IPHONEOS_DEPLOYMENT_TARGET = 12.0;
				LD_RUNPATH_SEARCH_PATHS = (
					"$(inherited)",
					"@executable_path/Frameworks",
				);
				PRODUCT_BUNDLE_IDENTIFIER = "com.thiet.Online-Test";
				PRODUCT_NAME = "$(TARGET_NAME)";
				SWIFT_VERSION = 5.0;
				TARGETED_DEVICE_FAMILY = 1;
			};
			name = Release;
		};
/* End XCBuildConfiguration section */

/* Begin XCConfigurationList section */
		763B6C722611B2A000FD9415 /* Build configuration list for PBXProject "Online Test" */ = {
			isa = XCConfigurationList;
			buildConfigurations = (
				763B6C892611B2A300FD9415 /* Debug */,
				763B6C8A2611B2A300FD9415 /* Release */,
			);
			defaultConfigurationIsVisible = 0;
			defaultConfigurationName = Release;
		};
		763B6C8B2611B2A300FD9415 /* Build configuration list for PBXNativeTarget "Online Test" */ = {
			isa = XCConfigurationList;
			buildConfigurations = (
				763B6C8C2611B2A300FD9415 /* Debug */,
				763B6C8D2611B2A300FD9415 /* Release */,
			);
			defaultConfigurationIsVisible = 0;
			defaultConfigurationName = Release;
		};
/* End XCConfigurationList section */
	};
	rootObject = 763B6C6F2611B2A000FD9415 /* Project object */;
}
